
Microsoft Visual Studio Solution File, Format Version 12.00
# Visual Studio Version 16
VisualStudioVersion = 16.0.30709.64
MinimumVisualStudioVersion = 10.0.40219.1
Project("{FAE04EC0-301F-11D3-BF4B-00C04F79EFBC}") = "XFCamera2APIBasic.Android", "XFCamera2APIBasic\XFCamera2APIBasic.Android\XFCamera2APIBasic.Android.csproj", "{3EA3960B-4026-4AF8-8229-9C63A16C9195}"
EndProject
Project("{FAE04EC0-301F-11D3-BF4B-00C04F79EFBC}") = "XFCamera2APIBasic", "XFCamera2APIBasic\XFCamera2APIBasic\XFCamera2APIBasic.csproj", "{1E202B42-E6CC-4633-8D7B-E58DECA405E2}"
EndProject
Global
	GlobalSection(SolutionConfigurationPlatforms) = preSolution
		Debug|Any CPU = Debug|Any CPU
		Release|Any CPU = Release|Any CPU
	EndGlobalSection
	GlobalSection(ProjectConfigurationPlatforms) = postSolution
		{3EA3960B-4026-4AF8-8229-9C63A16C9195}.Debug|Any CPU.ActiveCfg = Debug|Any CPU
		{3EA3960B-4026-4AF8-8229-9C63A16C9195}.Debug|Any CPU.Build.0 = Debug|Any CPU
		{3EA3960B-4026-4AF8-8229-9C63A16C9195}.Debug|Any CPU.Deploy.0 = Debug|Any CPU
		{3EA3960B-4026-4AF8-8229-9C63A16C9195}.Release|Any CPU.ActiveCfg = Release|Any CPU
		{3EA3960B-4026-4AF8-8229-9C63A16C9195}.Release|Any CPU.Build.0 = Release|Any CPU
		{3EA3960B-4026-4AF8-8229-9C63A16C9195}.Release|Any CPU.Deploy.0 = Release|Any CPU
		{1E202B42-E6CC-4633-8D7B-E58DECA405E2}.Debug|Any CPU.ActiveCfg = Debug|Any CPU
		{1E202B42-E6CC-4633-8D7B-E58DECA405E2}.Debug|Any CPU.Build.0 = Debug|Any CPU
		{1E202B42-E6CC-4633-8D7B-E58DECA405E2}.Debug|Any CPU.Deploy.0 = Debug|Any CPU
		{1E202B42-E6CC-4633-8D7B-E58DECA405E2}.Release|Any CPU.ActiveCfg = Release|Any CPU
		{1E202B42-E6CC-4633-8D7B-E58DECA405E2}.Release|Any CPU.Build.0 = Release|Any CPU
		{1E202B42-E6CC-4633-8D7B-E58DECA405E2}.Release|Any CPU.Deploy.0 = Release|Any CPU
	EndGlobalSection
	GlobalSection(SolutionProperties) = preSolution
		HideSolutionNode = FALSE
	EndGlobalSection
	GlobalSection(ExtensibilityGlobals) = postSolution
		SolutionGuid = {5F976C20-DEB1-4DB8-AAA5-A5C52AB3340A}
	EndGlobalSection
EndGlobal
